// !$*UTF8*$!
{
	archiveVersion = 1;
	classes = {
	};
	objectVersion = 56;
	objects = {

/* Begin PBXBuildFile section */
		147079FD2C88512F00D3DAE6 /* DetailViewController.swift in Sources */ = {isa = PBXBuildFile; fileRef = 147079FC2C88512F00D3DAE6 /* DetailViewController.swift */; };
		147079FF2C8852BA00D3DAE6 /* ProfileViewController.swift in Sources */ = {isa = PBXBuildFile; fileRef = 147079FE2C8852BA00D3DAE6 /* ProfileViewController.swift */; };
		1481E9892C81D0CB001D0104 /* AppDelegate.swift in Sources */ = {isa = PBXBuildFile; fileRef = 1481E9882C81D0CB001D0104 /* AppDelegate.swift */; };
		1481E98B2C81D0CB001D0104 /* SceneDelegate.swift in Sources */ = {isa = PBXBuildFile; fileRef = 1481E98A2C81D0CB001D0104 /* SceneDelegate.swift */; };
		1481E98D2C81D0CB001D0104 /* NewsViewController.swift in Sources */ = {isa = PBXBuildFile; fileRef = 1481E98C2C81D0CB001D0104 /* NewsViewController.swift */; };
		1481E9902C81D0CB001D0104 /* Main.storyboard in Resources */ = {isa = PBXBuildFile; fileRef = 1481E98E2C81D0CB001D0104 /* Main.storyboard */; };
		1481E9922C81D0CD001D0104 /* Assets.xcassets in Resources */ = {isa = PBXBuildFile; fileRef = 1481E9912C81D0CD001D0104 /* Assets.xcassets */; };
		1481E9952C81D0CD001D0104 /* LaunchScreen.storyboard in Resources */ = {isa = PBXBuildFile; fileRef = 1481E9932C81D0CD001D0104 /* LaunchScreen.storyboard */; };
		1481E9A02C81D0CD001D0104 /* Breaking_NewsTests.swift in Sources */ = {isa = PBXBuildFile; fileRef = 1481E99F2C81D0CD001D0104 /* Breaking_NewsTests.swift */; };
		1481E9AA2C81D0CD001D0104 /* Breaking_NewsUITests.swift in Sources */ = {isa = PBXBuildFile; fileRef = 1481E9A92C81D0CD001D0104 /* Breaking_NewsUITests.swift */; };
		1481E9AC2C81D0CD001D0104 /* Breaking_NewsUITestsLaunchTests.swift in Sources */ = {isa = PBXBuildFile; fileRef = 1481E9AB2C81D0CD001D0104 /* Breaking_NewsUITestsLaunchTests.swift */; };
		1481E9B92C81D0E4001D0104 /* NewsModel.swift in Sources */ = {isa = PBXBuildFile; fileRef = 1481E9B82C81D0E4001D0104 /* NewsModel.swift */; };
		1481E9BB2C81D0F0001D0104 /* NewsViewModel.swift in Sources */ = {isa = PBXBuildFile; fileRef = 1481E9BA2C81D0F0001D0104 /* NewsViewModel.swift */; };
		1481E9C02C81D4CF001D0104 /* NewsTableViewCell.swift in Sources */ = {isa = PBXBuildFile; fileRef = 1481E9BF2C81D4CF001D0104 /* NewsTableViewCell.swift */; };
		BAD5B7142C9C3C6700F5207A /* NewsData.xcdatamodeld in Sources */ = {isa = PBXBuildFile; fileRef = BAD5B7122C9C3C6700F5207A /* NewsData.xcdatamodeld */; };
		C2935B192C85ACFB009AFDA2 /* Alamofire in Frameworks */ = {isa = PBXBuildFile; productRef = C2935B182C85ACFB009AFDA2 /* Alamofire */; };
/* End PBXBuildFile section */

/* Begin PBXContainerItemProxy section */
		1481E99C2C81D0CD001D0104 /* PBXContainerItemProxy */ = {
			isa = PBXContainerItemProxy;
			containerPortal = 1481E97D2C81D0CB001D0104 /* Project object */;
			proxyType = 1;
			remoteGlobalIDString = 1481E9842C81D0CB001D0104;
			remoteInfo = "Breaking News";
		};
		1481E9A62C81D0CD001D0104 /* PBXContainerItemProxy */ = {
			isa = PBXContainerItemProxy;
			containerPortal = 1481E97D2C81D0CB001D0104 /* Project object */;
			proxyType = 1;
			remoteGlobalIDString = 1481E9842C81D0CB001D0104;
			remoteInfo = "Breaking News";
		};
/* End PBXContainerItemProxy section */

/* Begin PBXFileReference section */
		147079FC2C88512F00D3DAE6 /* DetailViewController.swift */ = {isa = PBXFileReference; lastKnownFileType = sourcecode.swift; path = DetailViewController.swift; sourceTree = "<group>"; };
		147079FE2C8852BA00D3DAE6 /* ProfileViewController.swift */ = {isa = PBXFileReference; lastKnownFileType = sourcecode.swift; path = ProfileViewController.swift; sourceTree = "<group>"; };
		1481E9852C81D0CB001D0104 /* Breaking News.app */ = {isa = PBXFileReference; explicitFileType = wrapper.application; includeInIndex = 0; path = "Breaking News.app"; sourceTree = BUILT_PRODUCTS_DIR; };
		1481E9882C81D0CB001D0104 /* AppDelegate.swift */ = {isa = PBXFileReference; lastKnownFileType = sourcecode.swift; path = AppDelegate.swift; sourceTree = "<group>"; };
		1481E98A2C81D0CB001D0104 /* SceneDelegate.swift */ = {isa = PBXFileReference; lastKnownFileType = sourcecode.swift; path = SceneDelegate.swift; sourceTree = "<group>"; };
		1481E98C2C81D0CB001D0104 /* NewsViewController.swift */ = {isa = PBXFileReference; lastKnownFileType = sourcecode.swift; path = NewsViewController.swift; sourceTree = "<group>"; };
		1481E98F2C81D0CB001D0104 /* Base */ = {isa = PBXFileReference; lastKnownFileType = file.storyboard; name = Base; path = Base.lproj/Main.storyboard; sourceTree = "<group>"; };
		1481E9912C81D0CD001D0104 /* Assets.xcassets */ = {isa = PBXFileReference; lastKnownFileType = folder.assetcatalog; path = Assets.xcassets; sourceTree = "<group>"; };
		1481E9942C81D0CD001D0104 /* Base */ = {isa = PBXFileReference; lastKnownFileType = file.storyboard; name = Base; path = Base.lproj/LaunchScreen.storyboard; sourceTree = "<group>"; };
		1481E9962C81D0CD001D0104 /* Info.plist */ = {isa = PBXFileReference; lastKnownFileType = text.plist.xml; path = Info.plist; sourceTree = "<group>"; };
		1481E99B2C81D0CD001D0104 /* Breaking NewsTests.xctest */ = {isa = PBXFileReference; explicitFileType = wrapper.cfbundle; includeInIndex = 0; path = "Breaking NewsTests.xctest"; sourceTree = BUILT_PRODUCTS_DIR; };
		1481E99F2C81D0CD001D0104 /* Breaking_NewsTests.swift */ = {isa = PBXFileReference; lastKnownFileType = sourcecode.swift; path = Breaking_NewsTests.swift; sourceTree = "<group>"; };
		1481E9A52C81D0CD001D0104 /* Breaking NewsUITests.xctest */ = {isa = PBXFileReference; explicitFileType = wrapper.cfbundle; includeInIndex = 0; path = "Breaking NewsUITests.xctest"; sourceTree = BUILT_PRODUCTS_DIR; };
		1481E9A92C81D0CD001D0104 /* Breaking_NewsUITests.swift */ = {isa = PBXFileReference; lastKnownFileType = sourcecode.swift; path = Breaking_NewsUITests.swift; sourceTree = "<group>"; };
		1481E9AB2C81D0CD001D0104 /* Breaking_NewsUITestsLaunchTests.swift */ = {isa = PBXFileReference; lastKnownFileType = sourcecode.swift; path = Breaking_NewsUITestsLaunchTests.swift; sourceTree = "<group>"; };
		1481E9B82C81D0E4001D0104 /* NewsModel.swift */ = {isa = PBXFileReference; lastKnownFileType = sourcecode.swift; path = NewsModel.swift; sourceTree = "<group>"; };
		1481E9BA2C81D0F0001D0104 /* NewsViewModel.swift */ = {isa = PBXFileReference; lastKnownFileType = sourcecode.swift; path = NewsViewModel.swift; sourceTree = "<group>"; };
		1481E9BF2C81D4CF001D0104 /* NewsTableViewCell.swift */ = {isa = PBXFileReference; lastKnownFileType = sourcecode.swift; path = NewsTableViewCell.swift; sourceTree = "<group>"; };
		BAD5B7132C9C3C6700F5207A /* NewsData.xcdatamodel */ = {isa = PBXFileReference; lastKnownFileType = wrapper.xcdatamodel; path = NewsData.xcdatamodel; sourceTree = "<group>"; };
/* End PBXFileReference section */

/* Begin PBXFrameworksBuildPhase section */
		1481E9822C81D0CB001D0104 /* Frameworks */ = {
			isa = PBXFrameworksBuildPhase;
			buildActionMask = 2147483647;
			files = (
				C2935B192C85ACFB009AFDA2 /* Alamofire in Frameworks */,
			);
			runOnlyForDeploymentPostprocessing = 0;
		};
		1481E9982C81D0CD001D0104 /* Frameworks */ = {
			isa = PBXFrameworksBuildPhase;
			buildActionMask = 2147483647;
			files = (
			);
			runOnlyForDeploymentPostprocessing = 0;
		};
		1481E9A22C81D0CD001D0104 /* Frameworks */ = {
			isa = PBXFrameworksBuildPhase;
			buildActionMask = 2147483647;
			files = (
			);
			runOnlyForDeploymentPostprocessing = 0;
		};
/* End PBXFrameworksBuildPhase section */

/* Begin PBXGroup section */
		1481E97C2C81D0CB001D0104 = {
			isa = PBXGroup;
			children = (
				1481E9872C81D0CB001D0104 /* Breaking News */,
				1481E99E2C81D0CD001D0104 /* Breaking NewsTests */,
				1481E9A82C81D0CD001D0104 /* Breaking NewsUITests */,
				1481E9862C81D0CB001D0104 /* Products */,
			);
			sourceTree = "<group>";
		};
		1481E9862C81D0CB001D0104 /* Products */ = {
			isa = PBXGroup;
			children = (
				1481E9852C81D0CB001D0104 /* Breaking News.app */,
				1481E99B2C81D0CD001D0104 /* Breaking NewsTests.xctest */,
				1481E9A52C81D0CD001D0104 /* Breaking NewsUITests.xctest */,
			);
			name = Products;
			sourceTree = "<group>";
		};
		1481E9872C81D0CB001D0104 /* Breaking News */ = {
			isa = PBXGroup;
			children = (
				BAD5B7102C9C396F00F5207A /* Delegate */,
				BAD5B70F2C9C395500F5207A /* VC */,
				BAD5B70E2C9C394400F5207A /* ViewModel */,
				BAD5B70D2C9C393800F5207A /* Model */,
				1481E98E2C81D0CB001D0104 /* Main.storyboard */,
				BAD5B7122C9C3C6700F5207A /* NewsData.xcdatamodeld */,
				1481E9912C81D0CD001D0104 /* Assets.xcassets */,
				1481E9932C81D0CD001D0104 /* LaunchScreen.storyboard */,
				1481E9962C81D0CD001D0104 /* Info.plist */,
			);
			path = "Breaking News";
			sourceTree = "<group>";
		};
		1481E99E2C81D0CD001D0104 /* Breaking NewsTests */ = {
			isa = PBXGroup;
			children = (
				1481E99F2C81D0CD001D0104 /* Breaking_NewsTests.swift */,
			);
			path = "Breaking NewsTests";
			sourceTree = "<group>";
		};
		1481E9A82C81D0CD001D0104 /* Breaking NewsUITests */ = {
			isa = PBXGroup;
			children = (
				1481E9A92C81D0CD001D0104 /* Breaking_NewsUITests.swift */,
				1481E9AB2C81D0CD001D0104 /* Breaking_NewsUITestsLaunchTests.swift */,
			);
			path = "Breaking NewsUITests";
			sourceTree = "<group>";
		};
		BAD5B70D2C9C393800F5207A /* Model */ = {
			isa = PBXGroup;
			children = (
				1481E9B82C81D0E4001D0104 /* NewsModel.swift */,
			);
			path = Model;
			sourceTree = "<group>";
		};
		BAD5B70E2C9C394400F5207A /* ViewModel */ = {
			isa = PBXGroup;
			children = (
				1481E9BA2C81D0F0001D0104 /* NewsViewModel.swift */,
			);
			path = ViewModel;
			sourceTree = "<group>";
		};
		BAD5B70F2C9C395500F5207A /* VC */ = {
			isa = PBXGroup;
			children = (
				1481E98C2C81D0CB001D0104 /* NewsViewController.swift */,
				147079FC2C88512F00D3DAE6 /* DetailViewController.swift */,
				147079FE2C8852BA00D3DAE6 /* ProfileViewController.swift */,
				BAD5B7112C9C397B00F5207A /* TableViewCell */,
			);
			path = VC;
			sourceTree = "<group>";
		};
		BAD5B7102C9C396F00F5207A /* Delegate */ = {
			isa = PBXGroup;
			children = (
				1481E9882C81D0CB001D0104 /* AppDelegate.swift */,
				1481E98A2C81D0CB001D0104 /* SceneDelegate.swift */,
			);
			path = Delegate;
			sourceTree = "<group>";
		};
		BAD5B7112C9C397B00F5207A /* TableViewCell */ = {
			isa = PBXGroup;
			children = (
				1481E9BF2C81D4CF001D0104 /* NewsTableViewCell.swift */,
			);
			path = TableViewCell;
			sourceTree = "<group>";
		};
/* End PBXGroup section */

/* Begin PBXNativeTarget section */
		1481E9842C81D0CB001D0104 /* Breaking News */ = {
			isa = PBXNativeTarget;
			buildConfigurationList = 1481E9AF2C81D0CD001D0104 /* Build configuration list for PBXNativeTarget "Breaking News" */;
			buildPhases = (
				1481E9812C81D0CB001D0104 /* Sources */,
				1481E9822C81D0CB001D0104 /* Frameworks */,
				1481E9832C81D0CB001D0104 /* Resources */,
			);
			buildRules = (
			);
			dependencies = (
			);
			name = "Breaking News";
			packageProductDependencies = (
				C2935B182C85ACFB009AFDA2 /* Alamofire */,
			);
			productName = "Breaking News";
			productReference = 1481E9852C81D0CB001D0104 /* Breaking News.app */;
			productType = "com.apple.product-type.application";
		};
		1481E99A2C81D0CD001D0104 /* Breaking NewsTests */ = {
			isa = PBXNativeTarget;
			buildConfigurationList = 1481E9B22C81D0CD001D0104 /* Build configuration list for PBXNativeTarget "Breaking NewsTests" */;
			buildPhases = (
				1481E9972C81D0CD001D0104 /* Sources */,
				1481E9982C81D0CD001D0104 /* Frameworks */,
				1481E9992C81D0CD001D0104 /* Resources */,
			);
			buildRules = (
			);
			dependencies = (
				1481E99D2C81D0CD001D0104 /* PBXTargetDependency */,
			);
			name = "Breaking NewsTests";
			productName = "Breaking NewsTests";
			productReference = 1481E99B2C81D0CD001D0104 /* Breaking NewsTests.xctest */;
			productType = "com.apple.product-type.bundle.unit-test";
		};
		1481E9A42C81D0CD001D0104 /* Breaking NewsUITests */ = {
			isa = PBXNativeTarget;
			buildConfigurationList = 1481E9B52C81D0CD001D0104 /* Build configuration list for PBXNativeTarget "Breaking NewsUITests" */;
			buildPhases = (
				1481E9A12C81D0CD001D0104 /* Sources */,
				1481E9A22C81D0CD001D0104 /* Frameworks */,
				1481E9A32C81D0CD001D0104 /* Resources */,
			);
			buildRules = (
			);
			dependencies = (
				1481E9A72C81D0CD001D0104 /* PBXTargetDependency */,
			);
			name = "Breaking NewsUITests";
			productName = "Breaking NewsUITests";
			productReference = 1481E9A52C81D0CD001D0104 /* Breaking NewsUITests.xctest */;
			productType = "com.apple.product-type.bundle.ui-testing";
		};
/* End PBXNativeTarget section */

/* Begin PBXProject section */
		1481E97D2C81D0CB001D0104 /* Project object */ = {
			isa = PBXProject;
			attributes = {
				BuildIndependentTargetsInParallel = 1;
				LastSwiftUpdateCheck = 1510;
				LastUpgradeCheck = 1510;
				TargetAttributes = {
					1481E9842C81D0CB001D0104 = {
						CreatedOnToolsVersion = 15.1;
					};
					1481E99A2C81D0CD001D0104 = {
						CreatedOnToolsVersion = 15.1;
						TestTargetID = 1481E9842C81D0CB001D0104;
					};
					1481E9A42C81D0CD001D0104 = {
						CreatedOnToolsVersion = 15.1;
						TestTargetID = 1481E9842C81D0CB001D0104;
					};
				};
			};
			buildConfigurationList = 1481E9802C81D0CB001D0104 /* Build configuration list for PBXProject "Breaking News" */;
			compatibilityVersion = "Xcode 14.0";
			developmentRegion = en;
			hasScannedForEncodings = 0;
			knownRegions = (
				en,
				Base,
			);
			mainGroup = 1481E97C2C81D0CB001D0104;
			packageReferences = (
				C2935B172C85ACFB009AFDA2 /* XCRemoteSwiftPackageReference "Alamofire" */,
			);
			productRefGroup = 1481E9862C81D0CB001D0104 /* Products */;
			projectDirPath = "";
			projectRoot = "";
			targets = (
				1481E9842C81D0CB001D0104 /* Breaking News */,
				1481E99A2C81D0CD001D0104 /* Breaking NewsTests */,
				1481E9A42C81D0CD001D0104 /* Breaking NewsUITests */,
			);
		};
/* End PBXProject section */

/* Begin PBXResourcesBuildPhase section */
		1481E9832C81D0CB001D0104 /* Resources */ = {
			isa = PBXResourcesBuildPhase;
			buildActionMask = 2147483647;
			files = (
				1481E9952C81D0CD001D0104 /* LaunchScreen.storyboard in Resources */,
				1481E9922C81D0CD001D0104 /* Assets.xcassets in Resources */,
				1481E9902C81D0CB001D0104 /* Main.storyboard in Resources */,
			);
			runOnlyForDeploymentPostprocessing = 0;
		};
		1481E9992C81D0CD001D0104 /* Resources */ = {
			isa = PBXResourcesBuildPhase;
			buildActionMask = 2147483647;
			files = (
			);
			runOnlyForDeploymentPostprocessing = 0;
		};
		1481E9A32C81D0CD001D0104 /* Resources */ = {
			isa = PBXResourcesBuildPhase;
			buildActionMask = 2147483647;
			files = (
			);
			runOnlyForDeploymentPostprocessing = 0;
		};
/* End PBXResourcesBuildPhase section */

/* Begin PBXSourcesBuildPhase section */
		1481E9812C81D0CB001D0104 /* Sources */ = {
			isa = PBXSourcesBuildPhase;
			buildActionMask = 2147483647;
			files = (
				1481E9BB2C81D0F0001D0104 /* NewsViewModel.swift in Sources */,
				1481E98D2C81D0CB001D0104 /* NewsViewController.swift in Sources */,
				1481E9C02C81D4CF001D0104 /* NewsTableViewCell.swift in Sources */,
				1481E9892C81D0CB001D0104 /* AppDelegate.swift in Sources */,
				1481E98B2C81D0CB001D0104 /* SceneDelegate.swift in Sources */,
				147079FD2C88512F00D3DAE6 /* DetailViewController.swift in Sources */,
				BAD5B7142C9C3C6700F5207A /* NewsData.xcdatamodeld in Sources */,
				147079FF2C8852BA00D3DAE6 /* ProfileViewController.swift in Sources */,
				1481E9B92C81D0E4001D0104 /* NewsModel.swift in Sources */,
			);
			runOnlyForDeploymentPostprocessing = 0;
		};
		1481E9972C81D0CD001D0104 /* Sources */ = {
			isa = PBXSourcesBuildPhase;
			buildActionMask = 2147483647;
			files = (
				1481E9A02C81D0CD001D0104 /* Breaking_NewsTests.swift in Sources */,
			);
			runOnlyForDeploymentPostprocessing = 0;
		};
		1481E9A12C81D0CD001D0104 /* Sources */ = {
			isa = PBXSourcesBuildPhase;
			buildActionMask = 2147483647;
			files = (
				1481E9AC2C81D0CD001D0104 /* Breaking_NewsUITestsLaunchTests.swift in Sources */,
				1481E9AA2C81D0CD001D0104 /* Breaking_NewsUITests.swift in Sources */,
			);
			runOnlyForDeploymentPostprocessing = 0;
		};
/* End PBXSourcesBuildPhase section */

/* Begin PBXTargetDependency section */
		1481E99D2C81D0CD001D0104 /* PBXTargetDependency */ = {
			isa = PBXTargetDependency;
			target = 1481E9842C81D0CB001D0104 /* Breaking News */;
			targetProxy = 1481E99C2C81D0CD001D0104 /* PBXContainerItemProxy */;
		};
		1481E9A72C81D0CD001D0104 /* PBXTargetDependency */ = {
			isa = PBXTargetDependency;
			target = 1481E9842C81D0CB001D0104 /* Breaking News */;
			targetProxy = 1481E9A62C81D0CD001D0104 /* PBXContainerItemProxy */;
		};
/* End PBXTargetDependency section */

/* Begin PBXVariantGroup section */
		1481E98E2C81D0CB001D0104 /* Main.storyboard */ = {
			isa = PBXVariantGroup;
			children = (
				1481E98F2C81D0CB001D0104 /* Base */,
			);
			name = Main.storyboard;
			sourceTree = "<group>";
		};
		1481E9932C81D0CD001D0104 /* LaunchScreen.storyboard */ = {
			isa = PBXVariantGroup;
			children = (
				1481E9942C81D0CD001D0104 /* Base */,
			);
			name = LaunchScreen.storyboard;
			sourceTree = "<group>";
		};
/* End PBXVariantGroup section */

/* Begin XCBuildConfiguration section */
		1481E9AD2C81D0CD001D0104 /* Debug */ = {
			isa = XCBuildConfiguration;
			buildSettings = {
				ALWAYS_SEARCH_USER_PATHS = NO;
				ASSETCATALOG_COMPILER_GENERATE_SWIFT_ASSET_SYMBOL_EXTENSIONS = YES;
				CLANG_ANALYZER_NONNULL = YES;
				CLANG_ANALYZER_NUMBER_OBJECT_CONVERSION = YES_AGGRESSIVE;
				CLANG_CXX_LANGUAGE_STANDARD = "gnu++20";
				CLANG_ENABLE_MODULES = YES;
				CLANG_ENABLE_OBJC_ARC = YES;
				CLANG_ENABLE_OBJC_WEAK = YES;
				CLANG_WARN_BLOCK_CAPTURE_AUTORELEASING = YES;
				CLANG_WARN_BOOL_CONVERSION = YES;
				CLANG_WARN_COMMA = YES;
				CLANG_WARN_CONSTANT_CONVERSION = YES;
				CLANG_WARN_DEPRECATED_OBJC_IMPLEMENTATIONS = YES;
				CLANG_WARN_DIRECT_OBJC_ISA_USAGE = YES_ERROR;
				CLANG_WARN_DOCUMENTATION_COMMENTS = YES;
				CLANG_WARN_EMPTY_BODY = YES;
				CLANG_WARN_ENUM_CONVERSION = YES;
				CLANG_WARN_INFINITE_RECURSION = YES;
				CLANG_WARN_INT_CONVERSION = YES;
				CLANG_WARN_NON_LITERAL_NULL_CONVERSION = YES;
				CLANG_WARN_OBJC_IMPLICIT_RETAIN_SELF = YES;
				CLANG_WARN_OBJC_LITERAL_CONVERSION = YES;
				CLANG_WARN_OBJC_ROOT_CLASS = YES_ERROR;
				CLANG_WARN_QUOTED_INCLUDE_IN_FRAMEWORK_HEADER = YES;
				CLANG_WARN_RANGE_LOOP_ANALYSIS = YES;
				CLANG_WARN_STRICT_PROTOTYPES = YES;
				CLANG_WARN_SUSPICIOUS_MOVE = YES;
				CLANG_WARN_UNGUARDED_AVAILABILITY = YES_AGGRESSIVE;
				CLANG_WARN_UNREACHABLE_CODE = YES;
				CLANG_WARN__DUPLICATE_METHOD_MATCH = YES;
				COPY_PHASE_STRIP = NO;
				DEBUG_INFORMATION_FORMAT = dwarf;
				ENABLE_STRICT_OBJC_MSGSEND = YES;
				ENABLE_TESTABILITY = YES;
				ENABLE_USER_SCRIPT_SANDBOXING = YES;
				GCC_C_LANGUAGE_STANDARD = gnu17;
				GCC_DYNAMIC_NO_PIC = NO;
				GCC_NO_COMMON_BLOCKS = YES;
				GCC_OPTIMIZATION_LEVEL = 0;
				GCC_PREPROCESSOR_DEFINITIONS = (
					"DEBUG=1",
					"$(inherited)",
				);
				GCC_WARN_64_TO_32_BIT_CONVERSION = YES;
				GCC_WARN_ABOUT_RETURN_TYPE = YES_ERROR;
				GCC_WARN_UNDECLARED_SELECTOR = YES;
				GCC_WARN_UNINITIALIZED_AUTOS = YES_AGGRESSIVE;
				GCC_WARN_UNUSED_FUNCTION = YES;
				GCC_WARN_UNUSED_VARIABLE = YES;
				IPHONEOS_DEPLOYMENT_TARGET = 16.0;
				LOCALIZATION_PREFERS_STRING_CATALOGS = YES;
				MTL_ENABLE_DEBUG_INFO = INCLUDE_SOURCE;
				MTL_FAST_MATH = YES;
				ONLY_ACTIVE_ARCH = YES;
				SDKROOT = iphoneos;
				SWIFT_ACTIVE_COMPILATION_CONDITIONS = "DEBUG $(inherited)";
				SWIFT_OPTIMIZATION_LEVEL = "-Onone";
			};
			name = Debug;
		};
		1481E9AE2C81D0CD001D0104 /* Release */ = {
			isa = XCBuildConfiguration;
			buildSettings = {
				ALWAYS_SEARCH_USER_PATHS = NO;
				ASSETCATALOG_COMPILER_GENERATE_SWIFT_ASSET_SYMBOL_EXTENSIONS = YES;
				CLANG_ANALYZER_NONNULL = YES;
				CLANG_ANALYZER_NUMBER_OBJECT_CONVERSION = YES_AGGRESSIVE;
				CLANG_CXX_LANGUAGE_STANDARD = "gnu++20";
				CLANG_ENABLE_MODULES = YES;
				CLANG_ENABLE_OBJC_ARC = YES;
				CLANG_ENABLE_OBJC_WEAK = YES;
				CLANG_WARN_BLOCK_CAPTURE_AUTORELEASING = YES;
				CLANG_WARN_BOOL_CONVERSION = YES;
				CLANG_WARN_COMMA = YES;
				CLANG_WARN_CONSTANT_CONVERSION = YES;
				CLANG_WARN_DEPRECATED_OBJC_IMPLEMENTATIONS = YES;
				CLANG_WARN_DIRECT_OBJC_ISA_USAGE = YES_ERROR;
				CLANG_WARN_DOCUMENTATION_COMMENTS = YES;
				CLANG_WARN_EMPTY_BODY = YES;
				CLANG_WARN_ENUM_CONVERSION = YES;
				CLANG_WARN_INFINITE_RECURSION = YES;
				CLANG_WARN_INT_CONVERSION = YES;
				CLANG_WARN_NON_LITERAL_NULL_CONVERSION = YES;
				CLANG_WARN_OBJC_IMPLICIT_RETAIN_SELF = YES;
				CLANG_WARN_OBJC_LITERAL_CONVERSION = YES;
				CLANG_WARN_OBJC_ROOT_CLASS = YES_ERROR;
				CLANG_WARN_QUOTED_INCLUDE_IN_FRAMEWORK_HEADER = YES;
				CLANG_WARN_RANGE_LOOP_ANALYSIS = YES;
				CLANG_WARN_STRICT_PROTOTYPES = YES;
				CLANG_WARN_SUSPICIOUS_MOVE = YES;
				CLANG_WARN_UNGUARDED_AVAILABILITY = YES_AGGRESSIVE;
				CLANG_WARN_UNREACHABLE_CODE = YES;
				CLANG_WARN__DUPLICATE_METHOD_MATCH = YES;
				COPY_PHASE_STRIP = NO;
				DEBUG_INFORMATION_FORMAT = "dwarf-with-dsym";
				ENABLE_NS_ASSERTIONS = NO;
				ENABLE_STRICT_OBJC_MSGSEND = YES;
				ENABLE_USER_SCRIPT_SANDBOXING = YES;
				GCC_C_LANGUAGE_STANDARD = gnu17;
				GCC_NO_COMMON_BLOCKS = YES;
				GCC_WARN_64_TO_32_BIT_CONVERSION = YES;
				GCC_WARN_ABOUT_RETURN_TYPE = YES_ERROR;
				GCC_WARN_UNDECLARED_SELECTOR = YES;
				GCC_WARN_UNINITIALIZED_AUTOS = YES_AGGRESSIVE;
				GCC_WARN_UNUSED_FUNCTION = YES;
				GCC_WARN_UNUSED_VARIABLE = YES;
				IPHONEOS_DEPLOYMENT_TARGET = 16.0;
				LOCALIZATION_PREFERS_STRING_CATALOGS = YES;
				MTL_ENABLE_DEBUG_INFO = NO;
				MTL_FAST_MATH = YES;
				SDKROOT = iphoneos;
				SWIFT_COMPILATION_MODE = wholemodule;
				VALIDATE_PRODUCT = YES;
			};
			name = Release;
		};
		1481E9B02C81D0CD001D0104 /* Debug */ = {
			isa = XCBuildConfiguration;
			buildSettings = {
				ASSETCATALOG_COMPILER_APPICON_NAME = AppIcon;
				ASSETCATALOG_COMPILER_GLOBAL_ACCENT_COLOR_NAME = AccentColor;
				CODE_SIGN_STYLE = Automatic;
				CURRENT_PROJECT_VERSION = 1;
				DEVELOPMENT_TEAM = 65S2994UR9;
				GENERATE_INFOPLIST_FILE = YES;
				INFOPLIST_FILE = "Breaking News/Info.plist";
				INFOPLIST_KEY_UIApplicationSupportsIndirectInputEvents = YES;
				INFOPLIST_KEY_UILaunchStoryboardName = LaunchScreen;
				INFOPLIST_KEY_UIMainStoryboardFile = Main;
				INFOPLIST_KEY_UISupportedInterfaceOrientations_iPad = "UIInterfaceOrientationPortrait UIInterfaceOrientationPortraitUpsideDown UIInterfaceOrientationLandscapeLeft UIInterfaceOrientationLandscapeRight";
				INFOPLIST_KEY_UISupportedInterfaceOrientations_iPhone = "UIInterfaceOrientationPortrait UIInterfaceOrientationLandscapeLeft UIInterfaceOrientationLandscapeRight";
				LD_RUNPATH_SEARCH_PATHS = (
					"$(inherited)",
					"@executable_path/Frameworks",
				);
				MARKETING_VERSION = 1.0;
				PRODUCT_BUNDLE_IDENTIFIER = "com.rnw.Breaking-News";
				PRODUCT_NAME = "$(TARGET_NAME)";
				SWIFT_EMIT_LOC_STRINGS = YES;
				SWIFT_VERSION = 5.0;
				TARGETED_DEVICE_FAMILY = "1,2";
			};
			name = Debug;
		};
		1481E9B12C81D0CD001D0104 /* Release */ = {
			isa = XCBuildConfiguration;
			buildSettings = {
				ASSETCATALOG_COMPILER_APPICON_NAME = AppIcon;
				ASSETCATALOG_COMPILER_GLOBAL_ACCENT_COLOR_NAME = AccentColor;
				CODE_SIGN_STYLE = Automatic;
				CURRENT_PROJECT_VERSION = 1;
				DEVELOPMENT_TEAM = 65S2994UR9;
				GENERATE_INFOPLIST_FILE = YES;
				INFOPLIST_FILE = "Breaking News/Info.plist";
				INFOPLIST_KEY_UIApplicationSupportsIndirectInputEvents = YES;
				INFOPLIST_KEY_UILaunchStoryboardName = LaunchScreen;
				INFOPLIST_KEY_UIMainStoryboardFile = Main;
				INFOPLIST_KEY_UISupportedInterfaceOrientations_iPad = "UIInterfaceOrientationPortrait UIInterfaceOrientationPortraitUpsideDown UIInterfaceOrientationLandscapeLeft UIInterfaceOrientationLandscapeRight";
				INFOPLIST_KEY_UISupportedInterfaceOrientations_iPhone = "UIInterfaceOrientationPortrait UIInterfaceOrientationLandscapeLeft UIInterfaceOrientationLandscapeRight";
				LD_RUNPATH_SEARCH_PATHS = (
					"$(inherited)",
					"@executable_path/Frameworks",
				);
				MARKETING_VERSION = 1.0;
				PRODUCT_BUNDLE_IDENTIFIER = "com.rnw.Breaking-News";
				PRODUCT_NAME = "$(TARGET_NAME)";
				SWIFT_EMIT_LOC_STRINGS = YES;
				SWIFT_VERSION = 5.0;
				TARGETED_DEVICE_FAMILY = "1,2";
			};
			name = Release;
		};
		1481E9B32C81D0CD001D0104 /* Debug */ = {
			isa = XCBuildConfiguration;
			buildSettings = {
				ALWAYS_EMBED_SWIFT_STANDARD_LIBRARIES = YES;
				BUNDLE_LOADER = "$(TEST_HOST)";
				CODE_SIGN_STYLE = Automatic;
				CURRENT_PROJECT_VERSION = 1;
				GENERATE_INFOPLIST_FILE = YES;
				IPHONEOS_DEPLOYMENT_TARGET = 16.0;
				MARKETING_VERSION = 1.0;
				PRODUCT_BUNDLE_IDENTIFIER = "com.rnw.Breaking-NewsTests";
				PRODUCT_NAME = "$(TARGET_NAME)";
				SWIFT_EMIT_LOC_STRINGS = NO;
				SWIFT_VERSION = 5.0;
				TARGETED_DEVICE_FAMILY = "1,2";
				TEST_HOST = "$(BUILT_PRODUCTS_DIR)/Breaking News.app/$(BUNDLE_EXECUTABLE_FOLDER_PATH)/Breaking News";
			};
			name = Debug;
		};
		1481E9B42C81D0CD001D0104 /* Release */ = {
			isa = XCBuildConfiguration;
			buildSettings = {
				ALWAYS_EMBED_SWIFT_STANDARD_LIBRARIES = YES;
				BUNDLE_LOADER = "$(TEST_HOST)";
				CODE_SIGN_STYLE = Automatic;
				CURRENT_PROJECT_VERSION = 1;
				GENERATE_INFOPLIST_FILE = YES;
				IPHONEOS_DEPLOYMENT_TARGET = 16.0;
				MARKETING_VERSION = 1.0;
				PRODUCT_BUNDLE_IDENTIFIER = "com.rnw.Breaking-NewsTests";
				PRODUCT_NAME = "$(TARGET_NAME)";
				SWIFT_EMIT_LOC_STRINGS = NO;
				SWIFT_VERSION = 5.0;
				TARGETED_DEVICE_FAMILY = "1,2";
				TEST_HOST = "$(BUILT_PRODUCTS_DIR)/Breaking News.app/$(BUNDLE_EXECUTABLE_FOLDER_PATH)/Breaking News";
			};
			name = Release;
		};
		1481E9B62C81D0CD001D0104 /* Debug */ = {
			isa = XCBuildConfiguration;
			buildSettings = {
				ALWAYS_EMBED_SWIFT_STANDARD_LIBRARIES = YES;
				CODE_SIGN_STYLE = Automatic;
				CURRENT_PROJECT_VERSION = 1;
				GENERATE_INFOPLIST_FILE = YES;
				IPHONEOS_DEPLOYMENT_TARGET = 16.0;
				MARKETING_VERSION = 1.0;
				PRODUCT_BUNDLE_IDENTIFIER = "com.rnw.Breaking-NewsUITests";
				PRODUCT_NAME = "$(TARGET_NAME)";
				SWIFT_EMIT_LOC_STRINGS = NO;
				SWIFT_VERSION = 5.0;
				TARGETED_DEVICE_FAMILY = "1,2";
				TEST_TARGET_NAME = "Breaking News";
			};
			name = Debug;
		};
		1481E9B72C81D0CD001D0104 /* Release */ = {
			isa = XCBuildConfiguration;
			buildSettings = {
				ALWAYS_EMBED_SWIFT_STANDARD_LIBRARIES = YES;
				CODE_SIGN_STYLE = Automatic;
				CURRENT_PROJECT_VERSION = 1;
				GENERATE_INFOPLIST_FILE = YES;
				IPHONEOS_DEPLOYMENT_TARGET = 16.0;
				MARKETING_VERSION = 1.0;
				PRODUCT_BUNDLE_IDENTIFIER = "com.rnw.Breaking-NewsUITests";
				PRODUCT_NAME = "$(TARGET_NAME)";
				SWIFT_EMIT_LOC_STRINGS = NO;
				SWIFT_VERSION = 5.0;
				TARGETED_DEVICE_FAMILY = "1,2";
				TEST_TARGET_NAME = "Breaking News";
			};
			name = Release;
		};
/* End XCBuildConfiguration section */

/* Begin XCConfigurationList section */
		1481E9802C81D0CB001D0104 /* Build configuration list for PBXProject "Breaking News" */ = {
			isa = XCConfigurationList;
			buildConfigurations = (
				1481E9AD2C81D0CD001D0104 /* Debug */,
				1481E9AE2C81D0CD001D0104 /* Release */,
			);
			defaultConfigurationIsVisible = 0;
			defaultConfigurationName = Release;
		};
		1481E9AF2C81D0CD001D0104 /* Build configuration list for PBXNativeTarget "Breaking News" */ = {
			isa = XCConfigurationList;
			buildConfigurations = (
				1481E9B02C81D0CD001D0104 /* Debug */,
				1481E9B12C81D0CD001D0104 /* Release */,
			);
			defaultConfigurationIsVisible = 0;
			defaultConfigurationName = Release;
		};
		1481E9B22C81D0CD001D0104 /* Build configuration list for PBXNativeTarget "Breaking NewsTests" */ = {
			isa = XCConfigurationList;
			buildConfigurations = (
				1481E9B32C81D0CD001D0104 /* Debug */,
				1481E9B42C81D0CD001D0104 /* Release */,
			);
			defaultConfigurationIsVisible = 0;
			defaultConfigurationName = Release;
		};
		1481E9B52C81D0CD001D0104 /* Build configuration list for PBXNativeTarget "Breaking NewsUITests" */ = {
			isa = XCConfigurationList;
			buildConfigurations = (
				1481E9B62C81D0CD001D0104 /* Debug */,
				1481E9B72C81D0CD001D0104 /* Release */,
			);
			defaultConfigurationIsVisible = 0;
			defaultConfigurationName = Release;
		};
/* End XCConfigurationList section */

/* Begin XCRemoteSwiftPackageReference section */
		C2935B172C85ACFB009AFDA2 /* XCRemoteSwiftPackageReference "Alamofire" */ = {
			isa = XCRemoteSwiftPackageReference;
			repositoryURL = "https://github.com/Alamofire/Alamofire.git";
			requirement = {
				kind = upToNextMinorVersion;
				minimumVersion = 5.8.1;
			};
		};
/* End XCRemoteSwiftPackageReference section */

/* Begin XCSwiftPackageProductDependency section */
		C2935B182C85ACFB009AFDA2 /* Alamofire */ = {
			isa = XCSwiftPackageProductDependency;
			package = C2935B172C85ACFB009AFDA2 /* XCRemoteSwiftPackageReference "Alamofire" */;
			productName = Alamofire;
		};
/* End XCSwiftPackageProductDependency section */

/* Begin XCVersionGroup section */
		BAD5B7122C9C3C6700F5207A /* NewsData.xcdatamodeld */ = {
			isa = XCVersionGroup;
			children = (
				BAD5B7132C9C3C6700F5207A /* NewsData.xcdatamodel */,
			);
			currentVersion = BAD5B7132C9C3C6700F5207A /* NewsData.xcdatamodel */;
			path = NewsData.xcdatamodeld;
			sourceTree = "<group>";
			versionGroupType = wrapper.xcdatamodel;
		};
/* End XCVersionGroup section */
	};
	rootObject = 1481E97D2C81D0CB001D0104 /* Project object */;
}
